// !$*UTF8*$!
{
	archiveVersion = 1;
	classes = {
	};
	objectVersion = 46;
	objects = {

/* Begin PBXBuildFile section */
		E2C484141AA2E9E6006B53E8 /* AppDelegate.swift in Sources */ = {isa = PBXBuildFile; fileRef = E2C484131AA2E9E6006B53E8 /* AppDelegate.swift */; };
		E2C484161AA2E9E6006B53E8 /* ViewController.swift in Sources */ = {isa = PBXBuildFile; fileRef = E2C484151AA2E9E6006B53E8 /* ViewController.swift */; };
		E2C484191AA2E9E6006B53E8 /* Main.storyboard in Resources */ = {isa = PBXBuildFile; fileRef = E2C484171AA2E9E6006B53E8 /* Main.storyboard */; };
		E2C4841B1AA2E9E6006B53E8 /* Images.xcassets in Resources */ = {isa = PBXBuildFile; fileRef = E2C4841A1AA2E9E6006B53E8 /* Images.xcassets */; };
		E2C4841E1AA2E9E6006B53E8 /* LaunchScreen.xib in Resources */ = {isa = PBXBuildFile; fileRef = E2C4841C1AA2E9E6006B53E8 /* LaunchScreen.xib */; };
		E2C4842A1AA2E9E7006B53E8 /* testSwiftTests.swift in Sources */ = {isa = PBXBuildFile; fileRef = E2C484291AA2E9E7006B53E8 /* testSwiftTests.swift */; };
/* End PBXBuildFile section */

/* Begin PBXContainerItemProxy section */
		E2C484241AA2E9E7006B53E8 /* PBXContainerItemProxy */ = {
			isa = PBXContainerItemProxy;
			containerPortal = E2C484061AA2E9E6006B53E8 /* Project object */;
			proxyType = 1;
			remoteGlobalIDString = E2C4840D1AA2E9E6006B53E8;
			remoteInfo = testSwift;
		};
/* End PBXContainerItemProxy section */

/* Begin PBXFileReference section */
		E2C4840E1AA2E9E6006B53E8 /* testSwift.app */ = {isa = PBXFileReference; explicitFileType = wrapper.application; includeInIndex = 0; path = testSwift.app; sourceTree = BUILT_PRODUCTS_DIR; };
		E2C484121AA2E9E6006B53E8 /* Info.plist */ = {isa = PBXFileReference; lastKnownFileType = text.plist.xml; path = Info.plist; sourceTree = "<group>"; };
		E2C484131AA2E9E6006B53E8 /* AppDelegate.swift */ = {isa = PBXFileReference; lastKnownFileType = sourcecode.swift; path = AppDelegate.swift; sourceTree = "<group>"; };
		E2C484151AA2E9E6006B53E8 /* ViewController.swift */ = {isa = PBXFileReference; lastKnownFileType = sourcecode.swift; path = ViewController.swift; sourceTree = "<group>"; };
		E2C484181AA2E9E6006B53E8 /* Base */ = {isa = PBXFileReference; lastKnownFileType = file.storyboard; name = Base; path = Base.lproj/Main.storyboard; sourceTree = "<group>"; };
		E2C4841A1AA2E9E6006B53E8 /* Images.xcassets */ = {isa = PBXFileReference; lastKnownFileType = folder.assetcatalog; path = Images.xcassets; sourceTree = "<group>"; };
		E2C4841D1AA2E9E6006B53E8 /* Base */ = {isa = PBXFileReference; lastKnownFileType = file.xib; name = Base; path = Base.lproj/LaunchScreen.xib; sourceTree = "<group>"; };
		E2C484231AA2E9E7006B53E8 /* testSwiftTests.xctest */ = {isa = PBXFileReference; explicitFileType = wrapper.cfbundle; includeInIndex = 0; path = testSwiftTests.xctest; sourceTree = BUILT_PRODUCTS_DIR; };
		E2C484281AA2E9E7006B53E8 /* Info.plist */ = {isa = PBXFileReference; lastKnownFileType = text.plist.xml; path = Info.plist; sourceTree = "<group>"; };
		E2C484291AA2E9E7006B53E8 /* testSwiftTests.swift */ = {isa = PBXFileReference; lastKnownFileType = sourcecode.swift; path = testSwiftTests.swift; sourceTree = "<group>"; };
/* End PBXFileReference section */

/* Begin PBXFrameworksBuildPhase section */
		E2C4840B1AA2E9E6006B53E8 /* Frameworks */ = {
			isa = PBXFrameworksBuildPhase;
			buildActionMask = 2147483647;
			files = (
			);
			runOnlyForDeploymentPostprocessing = 0;
		};
		E2C484201AA2E9E7006B53E8 /* Frameworks */ = {
			isa = PBXFrameworksBuildPhase;
			buildActionMask = 2147483647;
			files = (
			);
			runOnlyForDeploymentPostprocessing = 0;
		};
/* End PBXFrameworksBuildPhase section */

/* Begin PBXGroup section */
		E2C484051AA2E9E6006B53E8 = {
			isa = PBXGroup;
			children = (
				E2C484101AA2E9E6006B53E8 /* testSwift */,
				E2C484261AA2E9E7006B53E8 /* testSwiftTests */,
				E2C4840F1AA2E9E6006B53E8 /* Products */,
			);
			sourceTree = "<group>";
		};
		E2C4840F1AA2E9E6006B53E8 /* Products */ = {
			isa = PBXGroup;
			children = (
				E2C4840E1AA2E9E6006B53E8 /* testSwift.app */,
				E2C484231AA2E9E7006B53E8 /* testSwiftTests.xctest */,
			);
			name = Products;
			sourceTree = "<group>";
		};
		E2C484101AA2E9E6006B53E8 /* testSwift */ = {
			isa = PBXGroup;
			children = (
				E2C484131AA2E9E6006B53E8 /* AppDelegate.swift */,
				E2C484151AA2E9E6006B53E8 /* ViewController.swift */,
				E2C484171AA2E9E6006B53E8 /* Main.storyboard */,
				E2C4841A1AA2E9E6006B53E8 /* Images.xcassets */,
				E2C4841C1AA2E9E6006B53E8 /* LaunchScreen.xib */,
				E2C484111AA2E9E6006B53E8 /* Supporting Files */,
			);
			path = testSwift;
			sourceTree = "<group>";
		};
		E2C484111AA2E9E6006B53E8 /* Supporting Files */ = {
			isa = PBXGroup;
			children = (
				E2C484121AA2E9E6006B53E8 /* Info.plist */,
			);
			name = "Supporting Files";
			sourceTree = "<group>";
		};
		E2C484261AA2E9E7006B53E8 /* testSwiftTests */ = {
			isa = PBXGroup;
			children = (
				E2C484291AA2E9E7006B53E8 /* testSwiftTests.swift */,
				E2C484271AA2E9E7006B53E8 /* Supporting Files */,
			);
			path = testSwiftTests;
			sourceTree = "<group>";
		};
		E2C484271AA2E9E7006B53E8 /* Supporting Files */ = {
			isa = PBXGroup;
			children = (
				E2C484281AA2E9E7006B53E8 /* Info.plist */,
			);
			name = "Supporting Files";
			sourceTree = "<group>";
		};
/* End PBXGroup section */

/* Begin PBXNativeTarget section */
		E2C4840D1AA2E9E6006B53E8 /* testSwift */ = {
			isa = PBXNativeTarget;
			buildConfigurationList = E2C4842D1AA2E9E7006B53E8 /* Build configuration list for PBXNativeTarget "testSwift" */;
			buildPhases = (
				E2C4840A1AA2E9E6006B53E8 /* Sources */,
				E2C4840B1AA2E9E6006B53E8 /* Frameworks */,
				E2C4840C1AA2E9E6006B53E8 /* Resources */,
			);
			buildRules = (
			);
			dependencies = (
			);
			name = testSwift;
			productName = testSwift;
			productReference = E2C4840E1AA2E9E6006B53E8 /* testSwift.app */;
			productType = "com.apple.product-type.application";
		};
		E2C484221AA2E9E7006B53E8 /* testSwiftTests */ = {
			isa = PBXNativeTarget;
			buildConfigurationList = E2C484301AA2E9E7006B53E8 /* Build configuration list for PBXNativeTarget "testSwiftTests" */;
			buildPhases = (
				E2C4841F1AA2E9E7006B53E8 /* Sources */,
				E2C484201AA2E9E7006B53E8 /* Frameworks */,
				E2C484211AA2E9E7006B53E8 /* Resources */,
			);
			buildRules = (
			);
			dependencies = (
				E2C484251AA2E9E7006B53E8 /* PBXTargetDependency */,
			);
			name = testSwiftTests;
			productName = testSwiftTests;
			productReference = E2C484231AA2E9E7006B53E8 /* testSwiftTests.xctest */;
			productType = "com.apple.product-type.bundle.unit-test";
		};
/* End PBXNativeTarget section */

/* Begin PBXProject section */
		E2C484061AA2E9E6006B53E8 /* Project object */ = {
			isa = PBXProject;
			attributes = {
				LastUpgradeCheck = 0610;
				ORGANIZATIONNAME = YukihiroMoriyama;
				TargetAttributes = {
					E2C4840D1AA2E9E6006B53E8 = {
						CreatedOnToolsVersion = 6.1.1;
					};
					E2C484221AA2E9E7006B53E8 = {
						CreatedOnToolsVersion = 6.1.1;
						TestTargetID = E2C4840D1AA2E9E6006B53E8;
					};
				};
			};
			buildConfigurationList = E2C484091AA2E9E6006B53E8 /* Build configuration list for PBXProject "testSwift" */;
			compatibilityVersion = "Xcode 3.2";
			developmentRegion = English;
			hasScannedForEncodings = 0;
			knownRegions = (
				en,
				Base,
			);
			mainGroup = E2C484051AA2E9E6006B53E8;
			productRefGroup = E2C4840F1AA2E9E6006B53E8 /* Products */;
			projectDirPath = "";
			projectRoot = "";
			targets = (
				E2C4840D1AA2E9E6006B53E8 /* testSwift */,
				E2C484221AA2E9E7006B53E8 /* testSwiftTests */,
			);
		};
/* End PBXProject section */

/* Begin PBXResourcesBuildPhase section */
		E2C4840C1AA2E9E6006B53E8 /* Resources */ = {
			isa = PBXResourcesBuildPhase;
			buildActionMask = 2147483647;
			files = (
				E2C484191AA2E9E6006B53E8 /* Main.storyboard in Resources */,
				E2C4841E1AA2E9E6006B53E8 /* LaunchScreen.xib in Resources */,
				E2C4841B1AA2E9E6006B53E8 /* Images.xcassets in Resources */,
			);
			runOnlyForDeploymentPostprocessing = 0;
		};
		E2C484211AA2E9E7006B53E8 /* Resources */ = {
			isa = PBXResourcesBuildPhase;
			buildActionMask = 2147483647;
			files = (
			);
			runOnlyForDeploymentPostprocessing = 0;
		};
/* End PBXResourcesBuildPhase section */

/* Begin PBXSourcesBuildPhase section */
		E2C4840A1AA2E9E6006B53E8 /* Sources */ = {
			isa = PBXSourcesBuildPhase;
			buildActionMask = 2147483647;
			files = (
				E2C484161AA2E9E6006B53E8 /* ViewController.swift in Sources */,
				E2C484141AA2E9E6006B53E8 /* AppDelegate.swift in Sources */,
			);
			runOnlyForDeploymentPostprocessing = 0;
		};
		E2C4841F1AA2E9E7006B53E8 /* Sources */ = {
			isa = PBXSourcesBuildPhase;
			buildActionMask = 2147483647;
			files = (
				E2C4842A1AA2E9E7006B53E8 /* testSwiftTests.swift in Sources */,
			);
			runOnlyForDeploymentPostprocessing = 0;
		};
/* End PBXSourcesBuildPhase section */

/* Begin PBXTargetDependency section */
		E2C484251AA2E9E7006B53E8 /* PBXTargetDependency */ = {
			isa = PBXTargetDependency;
			target = E2C4840D1AA2E9E6006B53E8 /* testSwift */;
			targetProxy = E2C484241AA2E9E7006B53E8 /* PBXContainerItemProxy */;
		};
/* End PBXTargetDependency section */

/* Begin PBXVariantGroup section */
		E2C484171AA2E9E6006B53E8 /* Main.storyboard */ = {
			isa = PBXVariantGroup;
			children = (
				E2C484181AA2E9E6006B53E8 /* Base */,
			);
			name = Main.storyboard;
			sourceTree = "<group>";
		};
		E2C4841C1AA2E9E6006B53E8 /* LaunchScreen.xib */ = {
			isa = PBXVariantGroup;
			children = (
				E2C4841D1AA2E9E6006B53E8 /* Base */,
			);
			name = LaunchScreen.xib;
			sourceTree = "<group>";
		};
/* End PBXVariantGroup section */

/* Begin XCBuildConfiguration section */
		E2C4842B1AA2E9E7006B53E8 /* Debug */ = {
			isa = XCBuildConfiguration;
			buildSettings = {
				ALWAYS_SEARCH_USER_PATHS = NO;
				CLANG_CXX_LANGUAGE_STANDARD = "gnu++0x";
				CLANG_CXX_LIBRARY = "libc++";
				CLANG_ENABLE_MODULES = YES;
				CLANG_ENABLE_OBJC_ARC = YES;
				CLANG_WARN_BOOL_CONVERSION = YES;
				CLANG_WARN_CONSTANT_CONVERSION = YES;
				CLANG_WARN_DIRECT_OBJC_ISA_USAGE = YES_ERROR;
				CLANG_WARN_EMPTY_BODY = YES;
				CLANG_WARN_ENUM_CONVERSION = YES;
				CLANG_WARN_INT_CONVERSION = YES;
				CLANG_WARN_OBJC_ROOT_CLASS = YES_ERROR;
				CLANG_WARN_UNREACHABLE_CODE = YES;
				CLANG_WARN__DUPLICATE_METHOD_MATCH = YES;
				"CODE_SIGN_IDENTITY[sdk=iphoneos*]" = "iPhone Developer";
				COPY_PHASE_STRIP = NO;
				ENABLE_STRICT_OBJC_MSGSEND = YES;
				GCC_C_LANGUAGE_STANDARD = gnu99;
				GCC_DYNAMIC_NO_PIC = NO;
				GCC_OPTIMIZATION_LEVEL = 0;
				GCC_PREPROCESSOR_DEFINITIONS = (
					"DEBUG=1",
					"$(inherited)",
				);
				GCC_SYMBOLS_PRIVATE_EXTERN = NO;
				GCC_WARN_64_TO_32_BIT_CONVERSION = YES;
				GCC_WARN_ABOUT_RETURN_TYPE = YES_ERROR;
				GCC_WARN_UNDECLARED_SELECTOR = YES;
				GCC_WARN_UNINITIALIZED_AUTOS = YES_AGGRESSIVE;
				GCC_WARN_UNUSED_FUNCTION = YES;
				GCC_WARN_UNUSED_VARIABLE = YES;
				IPHONEOS_DEPLOYMENT_TARGET = 8.1;
				MTL_ENABLE_DEBUG_INFO = YES;
				ONLY_ACTIVE_ARCH = YES;
				SDKROOT = iphoneos;
				SWIFT_OPTIMIZATION_LEVEL = "-Onone";
			};
			name = Debug;
		};
		E2C4842C1AA2E9E7006B53E8 /* Release */ = {
			isa = XCBuildConfiguration;
			buildSettings = {
				ALWAYS_SEARCH_USER_PATHS = NO;
				CLANG_CXX_LANGUAGE_STANDARD = "gnu++0x";
				CLANG_CXX_LIBRARY = "libc++";
				CLANG_ENABLE_MODULES = YES;
				CLANG_ENABLE_OBJC_ARC = YES;
				CLANG_WARN_BOOL_CONVERSION = YES;
				CLANG_WARN_CONSTANT_CONVERSION = YES;
				CLANG_WARN_DIRECT_OBJC_ISA_USAGE = YES_ERROR;
				CLANG_WARN_EMPTY_BODY = YES;
				CLANG_WARN_ENUM_CONVERSION = YES;
				CLANG_WARN_INT_CONVERSION = YES;
				CLANG_WARN_OBJC_ROOT_CLASS = YES_ERROR;
				CLANG_WARN_UNREACHABLE_CODE = YES;
				CLANG_WARN__DUPLICATE_METHOD_MATCH = YES;
				"CODE_SIGN_IDENTITY[sdk=iphoneos*]" = "iPhone Developer";
				COPY_PHASE_STRIP = YES;
				ENABLE_NS_ASSERTIONS = NO;
				ENABLE_STRICT_OBJC_MSGSEND = YES;
				GCC_C_LANGUAGE_STANDARD = gnu99;
				GCC_WARN_64_TO_32_BIT_CONVERSION = YES;
				GCC_WARN_ABOUT_RETURN_TYPE = YES_ERROR;
				GCC_WARN_UNDECLARED_SELECTOR = YES;
				GCC_WARN_UNINITIALIZED_AUTOS = YES_AGGRESSIVE;
				GCC_WARN_UNUSED_FUNCTION = YES;
				GCC_WARN_UNUSED_VARIABLE = YES;
				IPHONEOS_DEPLOYMENT_TARGET = 8.1;
				MTL_ENABLE_DEBUG_INFO = NO;
				SDKROOT = iphoneos;
				VALIDATE_PRODUCT = YES;
			};
			name = Release;
		};
		E2C4842E1AA2E9E7006B53E8 /* Debug */ = {
			isa = XCBuildConfiguration;
			buildSettings = {
				ASSETCATALOG_COMPILER_APPICON_NAME = AppIcon;
				INFOPLIST_FILE = testSwift/Info.plist;
				LD_RUNPATH_SEARCH_PATHS = "$(inherited) @executable_path/Frameworks";
				PRODUCT_NAME = "$(TARGET_NAME)";
			};
			name = Debug;
		};
		E2C4842F1AA2E9E7006B53E8 /* Release */ = {
			isa = XCBuildConfiguration;
			buildSettings = {
				ASSETCATALOG_COMPILER_APPICON_NAME = AppIcon;
				INFOPLIST_FILE = testSwift/Info.plist;
				LD_RUNPATH_SEARCH_PATHS = "$(inherited) @executable_path/Frameworks";
				PRODUCT_NAME = "$(TARGET_NAME)";
			};
			name = Release;
		};
		E2C484311AA2E9E7006B53E8 /* Debug */ = {
			isa = XCBuildConfiguration;
			buildSettings = {
				BUNDLE_LOADER = "$(TEST_HOST)";
				FRAMEWORK_SEARCH_PATHS = (
					"$(SDKROOT)/Developer/Library/Frameworks",
					"$(inherited)",
				);
				GCC_PREPROCESSOR_DEFINITIONS = (
					"DEBUG=1",
					"$(inherited)",
				);
				INFOPLIST_FILE = testSwiftTests/Info.plist;
				LD_RUNPATH_SEARCH_PATHS = "$(inherited) @executable_path/Frameworks @loader_path/Frameworks";
				PRODUCT_NAME = "$(TARGET_NAME)";
				TEST_HOST = "$(BUILT_PRODUCTS_DIR)/testSwift.app/testSwift";
			};
			name = Debug;
		};
		E2C484321AA2E9E7006B53E8 /* Release */ = {
			isa = XCBuildConfiguration;
			buildSettings = {
				BUNDLE_LOADER = "$(TEST_HOST)";
				FRAMEWORK_SEARCH_PATHS = (
					"$(SDKROOT)/Developer/Library/Frameworks",
					"$(inherited)",
				);
				INFOPLIST_FILE = testSwiftTests/Info.plist;
				LD_RUNPATH_SEARCH_PATHS = "$(inherited) @executable_path/Frameworks @loader_path/Frameworks";
				PRODUCT_NAME = "$(TARGET_NAME)";
				TEST_HOST = "$(BUILT_PRODUCTS_DIR)/testSwift.app/testSwift";
			};
			name = Release;
		};
/* End XCBuildConfiguration section */

/* Begin XCConfigurationList section */
		E2C484091AA2E9E6006B53E8 /* Build configuration list for PBXProject "testSwift" */ = {
			isa = XCConfigurationList;
			buildConfigurations = (
				E2C4842B1AA2E9E7006B53E8 /* Debug */,
				E2C4842C1AA2E9E7006B53E8 /* Release */,
			);
			defaultConfigurationIsVisible = 0;
			defaultConfigurationName = Release;
		};
		E2C4842D1AA2E9E7006B53E8 /* Build configuration list for PBXNativeTarget "testSwift" */ = {
			isa = XCConfigurationList;
			buildConfigurations = (
				E2C4842E1AA2E9E7006B53E8 /* Debug */,
				E2C4842F1AA2E9E7006B53E8 /* Release */,
			);
			defaultConfigurationIsVisible = 0;
		};
		E2C484301AA2E9E7006B53E8 /* Build configuration list for PBXNativeTarget "testSwiftTests" */ = {
			isa = XCConfigurationList;
			buildConfigurations = (
				E2C484311AA2E9E7006B53E8 /* Debug */,
				E2C484321AA2E9E7006B53E8 /* Release */,
			);
			defaultConfigurationIsVisible = 0;
		};
/* End XCConfigurationList section */
	};
	rootObject = E2C484061AA2E9E6006B53E8 /* Project object */;
}
